
Microsoft Visual Studio Solution File, Format Version 12.00
# Visual Studio 15
VisualStudioVersion = 15.0.28010.2046
MinimumVisualStudioVersion = 10.0.40219.1
Project("{FAE04EC0-301F-11D3-BF4B-00C04F79EFBC}") = "TestClientCallAPI_SignalR", "TestClientCallAPI_SignalR\TestClientCallAPI_SignalR.csproj", "{EC242BB6-D444-4BD6-A62E-2FD0FDEFE0BB}"
EndProject
Global
	GlobalSection(SolutionConfigurationPlatforms) = preSolution
		Debug|Any CPU = Debug|Any CPU
		Release|Any CPU = Release|Any CPU
	EndGlobalSection
	GlobalSection(ProjectConfigurationPlatforms) = postSolution
		{EC242BB6-D444-4BD6-A62E-2FD0FDEFE0BB}.Debug|Any CPU.ActiveCfg = Debug|Any CPU
		{EC242BB6-D444-4BD6-A62E-2FD0FDEFE0BB}.Debug|Any CPU.Build.0 = Debug|Any CPU
		{EC242BB6-D444-4BD6-A62E-2FD0FDEFE0BB}.Release|Any CPU.ActiveCfg = Release|Any CPU
		{EC242BB6-D444-4BD6-A62E-2FD0FDEFE0BB}.Release|Any CPU.Build.0 = Release|Any CPU
	EndGlobalSection
	GlobalSection(SolutionProperties) = preSolution
		HideSolutionNode = FALSE
	EndGlobalSection
	GlobalSection(ExtensibilityGlobals) = postSolution
		SolutionGuid = {A0AE7499-1465-4B53-A436-69DF654CEBE6}
	EndGlobalSection
EndGlobal
